{
  "pins" : [
    {
      "identity" : "activityindicatorview",
      "kind" : "remoteSourceControl",
      "location" : "https://github.com/exyte/ActivityIndicatorView.git",
      "state" : {
        "revision" : "0fb57e69b6130b4beb8ba49eaafe13563f2f6bd6",
        "version" : "1.1.0"
      }
    },
    {
      "identity" : "alamofire",
      "kind" : "remoteSourceControl",
      "location" : "https://github.com/Alamofire/Alamofire.git",
      "state" : {
        "revision" : "8dd85aee02e39dd280c75eef88ffdb86eed4b07b",
        "version" : "5.6.2"
      }
    },
    {
      "identity" : "kingfisher",
      "kind" : "remoteSourceControl",
      "location" : "https://github.com/onevcat/Kingfisher.git",
      "state" : {
        "revision" : "44e891bdb61426a95e31492a67c7c0dfad1f87c5",
        "version" : "7.4.1"
      }
    },
    {
      "identity" : "swift-log",
      "kind" : "remoteSourceControl",
      "location" : "https://github.com/apple/swift-log.git",
      "state" : {
        "revision" : "6fe203dc33195667ce1759bf0182975e4653ba1c",
        "version" : "1.4.4"
      }
    }
  ],
  "version" : 2
}
