// !$*UTF8*$!
{
	archiveVersion = 1;
	classes = {
	};
	objectVersion = 56;
	objects = {

/* Begin PBXBuildFile section */
		EC0A87B22928B7C300F1511B /* Navigation+View.swift in Sources */ = {isa = PBXBuildFile; fileRef = EC0A87B12928B7C300F1511B /* Navigation+View.swift */; };
		EC0A87B52928C15E00F1511B /* PropertyWrapperView.swift in Sources */ = {isa = PBXBuildFile; fileRef = EC0A87B42928C15E00F1511B /* PropertyWrapperView.swift */; };
		EC0A87B72928C1C600F1511B /* UserWrapperModel.swift in Sources */ = {isa = PBXBuildFile; fileRef = EC0A87B62928C1C600F1511B /* UserWrapperModel.swift */; };
		EC0A87B92928C23600F1511B /* UpperCaseWrapper.swift in Sources */ = {isa = PBXBuildFile; fileRef = EC0A87B82928C23600F1511B /* UpperCaseWrapper.swift */; };
		EC1A7E4D2927C8BA00DEBE24 /* MarketHomeView.swift in Sources */ = {isa = PBXBuildFile; fileRef = EC1A7E4C2927C8BA00DEBE24 /* MarketHomeView.swift */; };
		EC1A7E512927C8FC00DEBE24 /* MarketItem.swift in Sources */ = {isa = PBXBuildFile; fileRef = EC1A7E502927C8FC00DEBE24 /* MarketItem.swift */; };
		EC1A7E532927CA4A00DEBE24 /* MarketViewModel.swift in Sources */ = {isa = PBXBuildFile; fileRef = EC1A7E522927CA4A00DEBE24 /* MarketViewModel.swift */; };
		EC39D5B3291E4C6700AF2B79 /* Kingfisher in Frameworks */ = {isa = PBXBuildFile; productRef = EC39D5B2291E4C6700AF2B79 /* Kingfisher */; };
		EC39D5B9291E516500AF2B79 /* CircleTextImageView.swift in Sources */ = {isa = PBXBuildFile; fileRef = EC39D5B8291E516500AF2B79 /* CircleTextImageView.swift */; };
		EC39D5BC291E55E600AF2B79 /* SampleListView.swift in Sources */ = {isa = PBXBuildFile; fileRef = EC39D5BB291E55E600AF2B79 /* SampleListView.swift */; };
		EC39D5BF291E682800AF2B79 /* ModelListView.swift in Sources */ = {isa = PBXBuildFile; fileRef = EC39D5BE291E682800AF2B79 /* ModelListView.swift */; };
		EC39D5C3291E688500AF2B79 /* TweetModel.swift in Sources */ = {isa = PBXBuildFile; fileRef = EC39D5C2291E688500AF2B79 /* TweetModel.swift */; };
		EC39D5C5291E718100AF2B79 /* TweetCard.swift in Sources */ = {isa = PBXBuildFile; fileRef = EC39D5C4291E718100AF2B79 /* TweetCard.swift */; };
		EC39D5C8291E94E400AF2B79 /* NavigationUsers.swift in Sources */ = {isa = PBXBuildFile; fileRef = EC39D5C7291E94E400AF2B79 /* NavigationUsers.swift */; };
		EC39D5CA291E951700AF2B79 /* NavigationUserModel.swift in Sources */ = {isa = PBXBuildFile; fileRef = EC39D5C9291E951700AF2B79 /* NavigationUserModel.swift */; };
		EC39D5CC291E9D8A00AF2B79 /* UserViewDetail.swift in Sources */ = {isa = PBXBuildFile; fileRef = EC39D5CB291E9D8A00AF2B79 /* UserViewDetail.swift */; };
		EC39D5CF291ECAC000AF2B79 /* CustomTabView.swift in Sources */ = {isa = PBXBuildFile; fileRef = EC39D5CE291ECAC000AF2B79 /* CustomTabView.swift */; };
		EC684BE42927CFD200E48DEE /* MarketDetailView.swift in Sources */ = {isa = PBXBuildFile; fileRef = EC684BE32927CFD200E48DEE /* MarketDetailView.swift */; };
		EC684BE72927CFF200E48DEE /* MarketDetailViewModel.swift in Sources */ = {isa = PBXBuildFile; fileRef = EC684BE62927CFF200E48DEE /* MarketDetailViewModel.swift */; };
		EC6FC9EA2914512E0089C004 /* first_appApp.swift in Sources */ = {isa = PBXBuildFile; fileRef = EC6FC9E92914512E0089C004 /* first_appApp.swift */; };
		EC6FC9EC2914512E0089C004 /* ContentView.swift in Sources */ = {isa = PBXBuildFile; fileRef = EC6FC9EB2914512E0089C004 /* ContentView.swift */; };
		EC6FC9EE2914512F0089C004 /* Assets.xcassets in Resources */ = {isa = PBXBuildFile; fileRef = EC6FC9ED2914512F0089C004 /* Assets.xcassets */; };
		EC6FC9F12914512F0089C004 /* Preview Assets.xcassets in Resources */ = {isa = PBXBuildFile; fileRef = EC6FC9F02914512F0089C004 /* Preview Assets.xcassets */; };
		EC6FC9FB2914512F0089C004 /* first_appTests.swift in Sources */ = {isa = PBXBuildFile; fileRef = EC6FC9FA2914512F0089C004 /* first_appTests.swift */; };
		EC6FCA052914512F0089C004 /* first_appUITests.swift in Sources */ = {isa = PBXBuildFile; fileRef = EC6FCA042914512F0089C004 /* first_appUITests.swift */; };
		EC6FCA072914512F0089C004 /* first_appUITestsLaunchTests.swift in Sources */ = {isa = PBXBuildFile; fileRef = EC6FCA062914512F0089C004 /* first_appUITestsLaunchTests.swift */; };
		EC8F65BB29278CC30089E238 /* RandomFoxView.swift in Sources */ = {isa = PBXBuildFile; fileRef = EC8F65BA29278CC30089E238 /* RandomFoxView.swift */; };
		EC8F65BD29278EA30089E238 /* RandomFoxModel.swift in Sources */ = {isa = PBXBuildFile; fileRef = EC8F65BC29278EA30089E238 /* RandomFoxModel.swift */; };
		EC8F65BF29278F430089E238 /* RandomFoxService.swift in Sources */ = {isa = PBXBuildFile; fileRef = EC8F65BE29278F430089E238 /* RandomFoxService.swift */; };
		EC8F65C229278FE00089E238 /* Alamofire in Frameworks */ = {isa = PBXBuildFile; productRef = EC8F65C129278FE00089E238 /* Alamofire */; };
		EC8F65C42927926D0089E238 /* RandomFoxViewModel.swift in Sources */ = {isa = PBXBuildFile; fileRef = EC8F65C32927926D0089E238 /* RandomFoxViewModel.swift */; };
		EC8F65C7292794D50089E238 /* ActivityIndicatorView in Frameworks */ = {isa = PBXBuildFile; productRef = EC8F65C6292794D50089E238 /* ActivityIndicatorView */; };
		EC8F65CE2927A06D0089E238 /* User.swift in Sources */ = {isa = PBXBuildFile; fileRef = EC8F65CD2927A06D0089E238 /* User.swift */; };
		EC8F65D02927A1350089E238 /* UserService.swift in Sources */ = {isa = PBXBuildFile; fileRef = EC8F65CF2927A1350089E238 /* UserService.swift */; };
		EC8F65D42927A3110089E238 /* Logging+AFError.swift in Sources */ = {isa = PBXBuildFile; fileRef = EC8F65D32927A3110089E238 /* Logging+AFError.swift */; };
		EC8F65D72927A3850089E238 /* Logging in Frameworks */ = {isa = PBXBuildFile; productRef = EC8F65D62927A3850089E238 /* Logging */; };
		EC8F65D92927A76C0089E238 /* UserViewModel.swift in Sources */ = {isa = PBXBuildFile; fileRef = EC8F65D82927A76C0089E238 /* UserViewModel.swift */; };
		EC8F65DB2927A8670089E238 /* UserView.swift in Sources */ = {isa = PBXBuildFile; fileRef = EC8F65DA2927A8670089E238 /* UserView.swift */; };
		ECFA9E792928C4AA00403E32 /* NumberCaseWrapper.swift in Sources */ = {isa = PBXBuildFile; fileRef = ECFA9E782928C4AA00403E32 /* NumberCaseWrapper.swift */; };
/* End PBXBuildFile section */

/* Begin PBXContainerItemProxy section */
		EC6FC9F72914512F0089C004 /* PBXContainerItemProxy */ = {
			isa = PBXContainerItemProxy;
			containerPortal = EC6FC9DE2914512E0089C004 /* Project object */;
			proxyType = 1;
			remoteGlobalIDString = EC6FC9E52914512E0089C004;
			remoteInfo = "first-app";
		};
		EC6FCA012914512F0089C004 /* PBXContainerItemProxy */ = {
			isa = PBXContainerItemProxy;
			containerPortal = EC6FC9DE2914512E0089C004 /* Project object */;
			proxyType = 1;
			remoteGlobalIDString = EC6FC9E52914512E0089C004;
			remoteInfo = "first-app";
		};
/* End PBXContainerItemProxy section */

/* Begin PBXFileReference section */
		EC0A87B12928B7C300F1511B /* Navigation+View.swift */ = {isa = PBXFileReference; lastKnownFileType = sourcecode.swift; path = "Navigation+View.swift"; sourceTree = "<group>"; };
		EC0A87B42928C15E00F1511B /* PropertyWrapperView.swift */ = {isa = PBXFileReference; lastKnownFileType = sourcecode.swift; path = PropertyWrapperView.swift; sourceTree = "<group>"; };
		EC0A87B62928C1C600F1511B /* UserWrapperModel.swift */ = {isa = PBXFileReference; lastKnownFileType = sourcecode.swift; path = UserWrapperModel.swift; sourceTree = "<group>"; };
		EC0A87B82928C23600F1511B /* UpperCaseWrapper.swift */ = {isa = PBXFileReference; lastKnownFileType = sourcecode.swift; path = UpperCaseWrapper.swift; sourceTree = "<group>"; };
		EC1A7E4C2927C8BA00DEBE24 /* MarketHomeView.swift */ = {isa = PBXFileReference; lastKnownFileType = sourcecode.swift; path = MarketHomeView.swift; sourceTree = "<group>"; };
		EC1A7E502927C8FC00DEBE24 /* MarketItem.swift */ = {isa = PBXFileReference; lastKnownFileType = sourcecode.swift; path = MarketItem.swift; sourceTree = "<group>"; };
		EC1A7E522927CA4A00DEBE24 /* MarketViewModel.swift */ = {isa = PBXFileReference; lastKnownFileType = sourcecode.swift; path = MarketViewModel.swift; sourceTree = "<group>"; };
		EC39D5B8291E516500AF2B79 /* CircleTextImageView.swift */ = {isa = PBXFileReference; lastKnownFileType = sourcecode.swift; path = CircleTextImageView.swift; sourceTree = "<group>"; };
		EC39D5BB291E55E600AF2B79 /* SampleListView.swift */ = {isa = PBXFileReference; lastKnownFileType = sourcecode.swift; path = SampleListView.swift; sourceTree = "<group>"; };
		EC39D5BE291E682800AF2B79 /* ModelListView.swift */ = {isa = PBXFileReference; lastKnownFileType = sourcecode.swift; path = ModelListView.swift; sourceTree = "<group>"; };
		EC39D5C2291E688500AF2B79 /* TweetModel.swift */ = {isa = PBXFileReference; lastKnownFileType = sourcecode.swift; path = TweetModel.swift; sourceTree = "<group>"; };
		EC39D5C4291E718100AF2B79 /* TweetCard.swift */ = {isa = PBXFileReference; lastKnownFileType = sourcecode.swift; path = TweetCard.swift; sourceTree = "<group>"; };
		EC39D5C7291E94E400AF2B79 /* NavigationUsers.swift */ = {isa = PBXFileReference; lastKnownFileType = sourcecode.swift; path = NavigationUsers.swift; sourceTree = "<group>"; };
		EC39D5C9291E951700AF2B79 /* NavigationUserModel.swift */ = {isa = PBXFileReference; lastKnownFileType = sourcecode.swift; path = NavigationUserModel.swift; sourceTree = "<group>"; };
		EC39D5CB291E9D8A00AF2B79 /* UserViewDetail.swift */ = {isa = PBXFileReference; lastKnownFileType = sourcecode.swift; path = UserViewDetail.swift; sourceTree = "<group>"; };
		EC39D5CE291ECAC000AF2B79 /* CustomTabView.swift */ = {isa = PBXFileReference; lastKnownFileType = sourcecode.swift; path = CustomTabView.swift; sourceTree = "<group>"; };
		EC684BE32927CFD200E48DEE /* MarketDetailView.swift */ = {isa = PBXFileReference; lastKnownFileType = sourcecode.swift; path = MarketDetailView.swift; sourceTree = "<group>"; };
		EC684BE62927CFF200E48DEE /* MarketDetailViewModel.swift */ = {isa = PBXFileReference; lastKnownFileType = sourcecode.swift; path = MarketDetailViewModel.swift; sourceTree = "<group>"; };
		EC6FC9E62914512E0089C004 /* first-app.app */ = {isa = PBXFileReference; explicitFileType = wrapper.application; includeInIndex = 0; path = "first-app.app"; sourceTree = BUILT_PRODUCTS_DIR; };
		EC6FC9E92914512E0089C004 /* first_appApp.swift */ = {isa = PBXFileReference; lastKnownFileType = sourcecode.swift; path = first_appApp.swift; sourceTree = "<group>"; };
		EC6FC9EB2914512E0089C004 /* ContentView.swift */ = {isa = PBXFileReference; lastKnownFileType = sourcecode.swift; path = ContentView.swift; sourceTree = "<group>"; usesTabs = 0; };
		EC6FC9ED2914512F0089C004 /* Assets.xcassets */ = {isa = PBXFileReference; lastKnownFileType = folder.assetcatalog; path = Assets.xcassets; sourceTree = "<group>"; };
		EC6FC9F02914512F0089C004 /* Preview Assets.xcassets */ = {isa = PBXFileReference; lastKnownFileType = folder.assetcatalog; path = "Preview Assets.xcassets"; sourceTree = "<group>"; };
		EC6FC9F62914512F0089C004 /* first-appTests.xctest */ = {isa = PBXFileReference; explicitFileType = wrapper.cfbundle; includeInIndex = 0; path = "first-appTests.xctest"; sourceTree = BUILT_PRODUCTS_DIR; };
		EC6FC9FA2914512F0089C004 /* first_appTests.swift */ = {isa = PBXFileReference; lastKnownFileType = sourcecode.swift; path = first_appTests.swift; sourceTree = "<group>"; };
		EC6FCA002914512F0089C004 /* first-appUITests.xctest */ = {isa = PBXFileReference; explicitFileType = wrapper.cfbundle; includeInIndex = 0; path = "first-appUITests.xctest"; sourceTree = BUILT_PRODUCTS_DIR; };
		EC6FCA042914512F0089C004 /* first_appUITests.swift */ = {isa = PBXFileReference; lastKnownFileType = sourcecode.swift; path = first_appUITests.swift; sourceTree = "<group>"; };
		EC6FCA062914512F0089C004 /* first_appUITestsLaunchTests.swift */ = {isa = PBXFileReference; lastKnownFileType = sourcecode.swift; path = first_appUITestsLaunchTests.swift; sourceTree = "<group>"; };
		EC8F65BA29278CC30089E238 /* RandomFoxView.swift */ = {isa = PBXFileReference; lastKnownFileType = sourcecode.swift; path = RandomFoxView.swift; sourceTree = "<group>"; };
		EC8F65BC29278EA30089E238 /* RandomFoxModel.swift */ = {isa = PBXFileReference; lastKnownFileType = sourcecode.swift; path = RandomFoxModel.swift; sourceTree = "<group>"; };
		EC8F65BE29278F430089E238 /* RandomFoxService.swift */ = {isa = PBXFileReference; lastKnownFileType = sourcecode.swift; path = RandomFoxService.swift; sourceTree = "<group>"; };
		EC8F65C32927926D0089E238 /* RandomFoxViewModel.swift */ = {isa = PBXFileReference; lastKnownFileType = sourcecode.swift; path = RandomFoxViewModel.swift; sourceTree = "<group>"; };
		EC8F65CD2927A06D0089E238 /* User.swift */ = {isa = PBXFileReference; lastKnownFileType = sourcecode.swift; path = User.swift; sourceTree = "<group>"; };
		EC8F65CF2927A1350089E238 /* UserService.swift */ = {isa = PBXFileReference; lastKnownFileType = sourcecode.swift; path = UserService.swift; sourceTree = "<group>"; };
		EC8F65D32927A3110089E238 /* Logging+AFError.swift */ = {isa = PBXFileReference; lastKnownFileType = sourcecode.swift; path = "Logging+AFError.swift"; sourceTree = "<group>"; };
		EC8F65D82927A76C0089E238 /* UserViewModel.swift */ = {isa = PBXFileReference; lastKnownFileType = sourcecode.swift; path = UserViewModel.swift; sourceTree = "<group>"; };
		EC8F65DA2927A8670089E238 /* UserView.swift */ = {isa = PBXFileReference; lastKnownFileType = sourcecode.swift; path = UserView.swift; sourceTree = "<group>"; };
		ECFA9E782928C4AA00403E32 /* NumberCaseWrapper.swift */ = {isa = PBXFileReference; lastKnownFileType = sourcecode.swift; path = NumberCaseWrapper.swift; sourceTree = "<group>"; };
/* End PBXFileReference section */

/* Begin PBXFrameworksBuildPhase section */
		EC6FC9E32914512E0089C004 /* Frameworks */ = {
			isa = PBXFrameworksBuildPhase;
			buildActionMask = 2147483647;
			files = (
				EC39D5B3291E4C6700AF2B79 /* Kingfisher in Frameworks */,
				EC8F65C7292794D50089E238 /* ActivityIndicatorView in Frameworks */,
				EC8F65D72927A3850089E238 /* Logging in Frameworks */,
				EC8F65C229278FE00089E238 /* Alamofire in Frameworks */,
			);
			runOnlyForDeploymentPostprocessing = 0;
		};
		EC6FC9F32914512F0089C004 /* Frameworks */ = {
			isa = PBXFrameworksBuildPhase;
			buildActionMask = 2147483647;
			files = (
			);
			runOnlyForDeploymentPostprocessing = 0;
		};
		EC6FC9FD2914512F0089C004 /* Frameworks */ = {
			isa = PBXFrameworksBuildPhase;
			buildActionMask = 2147483647;
			files = (
			);
			runOnlyForDeploymentPostprocessing = 0;
		};
/* End PBXFrameworksBuildPhase section */

/* Begin PBXGroup section */
		EC0A87B32928C12A00F1511B /* PropertyWrapper */ = {
			isa = PBXGroup;
			children = (
				EC0A87B42928C15E00F1511B /* PropertyWrapperView.swift */,
				EC0A87B62928C1C600F1511B /* UserWrapperModel.swift */,
				EC0A87B82928C23600F1511B /* UpperCaseWrapper.swift */,
				ECFA9E782928C4AA00403E32 /* NumberCaseWrapper.swift */,
			);
			path = PropertyWrapper;
			sourceTree = "<group>";
		};
		EC1A7E492927C88F00DEBE24 /* Market */ = {
			isa = PBXGroup;
			children = (
				EC1A7E4B2927C8A300DEBE24 /* HomeDetail */,
				EC1A7E4A2927C89D00DEBE24 /* Home */,
			);
			path = Market;
			sourceTree = "<group>";
		};
		EC1A7E4A2927C89D00DEBE24 /* Home */ = {
			isa = PBXGroup;
			children = (
				EC1A7E522927CA4A00DEBE24 /* MarketViewModel.swift */,
				EC1A7E4C2927C8BA00DEBE24 /* MarketHomeView.swift */,
				EC1A7E4F2927C8EF00DEBE24 /* Model */,
			);
			path = Home;
			sourceTree = "<group>";
		};
		EC1A7E4B2927C8A300DEBE24 /* HomeDetail */ = {
			isa = PBXGroup;
			children = (
				EC684BE62927CFF200E48DEE /* MarketDetailViewModel.swift */,
				EC684BE32927CFD200E48DEE /* MarketDetailView.swift */,
			);
			path = HomeDetail;
			sourceTree = "<group>";
		};
		EC1A7E4F2927C8EF00DEBE24 /* Model */ = {
			isa = PBXGroup;
			children = (
				EC1A7E502927C8FC00DEBE24 /* MarketItem.swift */,
			);
			path = Model;
			sourceTree = "<group>";
		};
		EC39D5B4291E510B00AF2B79 /* View */ = {
			isa = PBXGroup;
			children = (
				EC0A87B32928C12A00F1511B /* PropertyWrapper */,
				EC1A7E492927C88F00DEBE24 /* Market */,
				EC8F65C82927A01F0089E238 /* ReqResViewModel */,
				EC8F65B329278B640089E238 /* FoxViewModel */,
				EC39D5CD291ECAAC00AF2B79 /* CustomTabView */,
				EC39D5C6291E84B800AF2B79 /* Navigation */,
				EC39D5BD291E680A00AF2B79 /* ModelList */,
				EC39D5BA291E55BB00AF2B79 /* Features */,
				EC39D5B5291E511C00AF2B79 /* Circle */,
			);
			path = View;
			sourceTree = "<group>";
		};
		EC39D5B5291E511C00AF2B79 /* Circle */ = {
			isa = PBXGroup;
			children = (
				EC39D5B8291E516500AF2B79 /* CircleTextImageView.swift */,
			);
			path = Circle;
			sourceTree = "<group>";
		};
		EC39D5BA291E55BB00AF2B79 /* Features */ = {
			isa = PBXGroup;
			children = (
				EC39D5BB291E55E600AF2B79 /* SampleListView.swift */,
			);
			path = Features;
			sourceTree = "<group>";
		};
		EC39D5BD291E680A00AF2B79 /* ModelList */ = {
			isa = PBXGroup;
			children = (
				EC39D5BE291E682800AF2B79 /* ModelListView.swift */,
				EC39D5C2291E688500AF2B79 /* TweetModel.swift */,
				EC39D5C4291E718100AF2B79 /* TweetCard.swift */,
			);
			path = ModelList;
			sourceTree = "<group>";
		};
		EC39D5C6291E84B800AF2B79 /* Navigation */ = {
			isa = PBXGroup;
			children = (
				EC39D5C7291E94E400AF2B79 /* NavigationUsers.swift */,
				EC39D5CB291E9D8A00AF2B79 /* UserViewDetail.swift */,
				EC39D5C9291E951700AF2B79 /* NavigationUserModel.swift */,
			);
			path = Navigation;
			sourceTree = "<group>";
		};
		EC39D5CD291ECAAC00AF2B79 /* CustomTabView */ = {
			isa = PBXGroup;
			children = (
				EC39D5CE291ECAC000AF2B79 /* CustomTabView.swift */,
			);
			path = CustomTabView;
			sourceTree = "<group>";
		};
		EC6FC9DD2914512E0089C004 = {
			isa = PBXGroup;
			children = (
				EC6FC9E82914512E0089C004 /* first-app */,
				EC6FC9F92914512F0089C004 /* first-appTests */,
				EC6FCA032914512F0089C004 /* first-appUITests */,
				EC6FC9E72914512E0089C004 /* Products */,
			);
			sourceTree = "<group>";
		};
		EC6FC9E72914512E0089C004 /* Products */ = {
			isa = PBXGroup;
			children = (
				EC6FC9E62914512E0089C004 /* first-app.app */,
				EC6FC9F62914512F0089C004 /* first-appTests.xctest */,
				EC6FCA002914512F0089C004 /* first-appUITests.xctest */,
			);
			name = Products;
			sourceTree = "<group>";
		};
		EC6FC9E82914512E0089C004 /* first-app */ = {
			isa = PBXGroup;
			children = (
				EC8F65D12927A2EB0089E238 /* Core */,
				EC39D5B4291E510B00AF2B79 /* View */,
				EC6FC9E92914512E0089C004 /* first_appApp.swift */,
				EC6FC9EB2914512E0089C004 /* ContentView.swift */,
				EC6FC9ED2914512F0089C004 /* Assets.xcassets */,
				EC6FC9EF2914512F0089C004 /* Preview Content */,
			);
			path = "first-app";
			sourceTree = "<group>";
		};
		EC6FC9EF2914512F0089C004 /* Preview Content */ = {
			isa = PBXGroup;
			children = (
				EC6FC9F02914512F0089C004 /* Preview Assets.xcassets */,
			);
			path = "Preview Content";
			sourceTree = "<group>";
		};
		EC6FC9F92914512F0089C004 /* first-appTests */ = {
			isa = PBXGroup;
			children = (
				EC6FC9FA2914512F0089C004 /* first_appTests.swift */,
			);
			path = "first-appTests";
			sourceTree = "<group>";
		};
		EC6FCA032914512F0089C004 /* first-appUITests */ = {
			isa = PBXGroup;
			children = (
				EC6FCA042914512F0089C004 /* first_appUITests.swift */,
				EC6FCA062914512F0089C004 /* first_appUITestsLaunchTests.swift */,
			);
			path = "first-appUITests";
			sourceTree = "<group>";
		};
		EC8F65B329278B640089E238 /* FoxViewModel */ = {
			isa = PBXGroup;
			children = (
				EC8F65B729278C6D0089E238 /* Model */,
				EC8F65B629278C610089E238 /* Service */,
				EC8F65B529278C570089E238 /* ViewModel */,
				EC8F65B429278C470089E238 /* View */,
			);
			path = FoxViewModel;
			sourceTree = "<group>";
		};
		EC8F65B429278C470089E238 /* View */ = {
			isa = PBXGroup;
			children = (
				EC8F65BA29278CC30089E238 /* RandomFoxView.swift */,
			);
			path = View;
			sourceTree = "<group>";
		};
		EC8F65B529278C570089E238 /* ViewModel */ = {
			isa = PBXGroup;
			children = (
				EC8F65C32927926D0089E238 /* RandomFoxViewModel.swift */,
			);
			path = ViewModel;
			sourceTree = "<group>";
		};
		EC8F65B629278C610089E238 /* Service */ = {
			isa = PBXGroup;
			children = (
				EC8F65BE29278F430089E238 /* RandomFoxService.swift */,
			);
			path = Service;
			sourceTree = "<group>";
		};
		EC8F65B729278C6D0089E238 /* Model */ = {
			isa = PBXGroup;
			children = (
				EC8F65BC29278EA30089E238 /* RandomFoxModel.swift */,
			);
			path = Model;
			sourceTree = "<group>";
		};
		EC8F65C82927A01F0089E238 /* ReqResViewModel */ = {
			isa = PBXGroup;
			children = (
				EC8F65CC2927A0480089E238 /* Service */,
				EC8F65CB2927A0440089E238 /* Model */,
				EC8F65CA2927A03E0089E238 /* ViewModel */,
				EC8F65C92927A0380089E238 /* View */,
			);
			path = ReqResViewModel;
			sourceTree = "<group>";
		};
		EC8F65C92927A0380089E238 /* View */ = {
			isa = PBXGroup;
			children = (
				EC8F65DA2927A8670089E238 /* UserView.swift */,
			);
			path = View;
			sourceTree = "<group>";
		};
		EC8F65CA2927A03E0089E238 /* ViewModel */ = {
			isa = PBXGroup;
			children = (
				EC8F65D82927A76C0089E238 /* UserViewModel.swift */,
			);
			path = ViewModel;
			sourceTree = "<group>";
		};
		EC8F65CB2927A0440089E238 /* Model */ = {
			isa = PBXGroup;
			children = (
				EC8F65CD2927A06D0089E238 /* User.swift */,
			);
			path = Model;
			sourceTree = "<group>";
		};
		EC8F65CC2927A0480089E238 /* Service */ = {
			isa = PBXGroup;
			children = (
				EC8F65CF2927A1350089E238 /* UserService.swift */,
			);
			path = Service;
			sourceTree = "<group>";
		};
		EC8F65D12927A2EB0089E238 /* Core */ = {
			isa = PBXGroup;
			children = (
				EC8F65D22927A2F00089E238 /* Extensions */,
			);
			path = Core;
			sourceTree = "<group>";
		};
		EC8F65D22927A2F00089E238 /* Extensions */ = {
			isa = PBXGroup;
			children = (
				EC8F65D32927A3110089E238 /* Logging+AFError.swift */,
				EC0A87B12928B7C300F1511B /* Navigation+View.swift */,
			);
			path = Extensions;
			sourceTree = "<group>";
		};
/* End PBXGroup section */

/* Begin PBXNativeTarget section */
		EC6FC9E52914512E0089C004 /* first-app */ = {
			isa = PBXNativeTarget;
			buildConfigurationList = EC6FCA0A2914512F0089C004 /* Build configuration list for PBXNativeTarget "first-app" */;
			buildPhases = (
				EC6FC9E22914512E0089C004 /* Sources */,
				EC6FC9E32914512E0089C004 /* Frameworks */,
				EC6FC9E42914512E0089C004 /* Resources */,
			);
			buildRules = (
			);
			dependencies = (
			);
			name = "first-app";
			packageProductDependencies = (
				EC39D5B2291E4C6700AF2B79 /* Kingfisher */,
				EC8F65C129278FE00089E238 /* Alamofire */,
				EC8F65C6292794D50089E238 /* ActivityIndicatorView */,
				EC8F65D62927A3850089E238 /* Logging */,
			);
			productName = "first-app";
			productReference = EC6FC9E62914512E0089C004 /* first-app.app */;
			productType = "com.apple.product-type.application";
		};
		EC6FC9F52914512F0089C004 /* first-appTests */ = {
			isa = PBXNativeTarget;
			buildConfigurationList = EC6FCA0D2914512F0089C004 /* Build configuration list for PBXNativeTarget "first-appTests" */;
			buildPhases = (
				EC6FC9F22914512F0089C004 /* Sources */,
				EC6FC9F32914512F0089C004 /* Frameworks */,
				EC6FC9F42914512F0089C004 /* Resources */,
			);
			buildRules = (
			);
			dependencies = (
				EC6FC9F82914512F0089C004 /* PBXTargetDependency */,
			);
			name = "first-appTests";
			productName = "first-appTests";
			productReference = EC6FC9F62914512F0089C004 /* first-appTests.xctest */;
			productType = "com.apple.product-type.bundle.unit-test";
		};
		EC6FC9FF2914512F0089C004 /* first-appUITests */ = {
			isa = PBXNativeTarget;
			buildConfigurationList = EC6FCA102914512F0089C004 /* Build configuration list for PBXNativeTarget "first-appUITests" */;
			buildPhases = (
				EC6FC9FC2914512F0089C004 /* Sources */,
				EC6FC9FD2914512F0089C004 /* Frameworks */,
				EC6FC9FE2914512F0089C004 /* Resources */,
			);
			buildRules = (
			);
			dependencies = (
				EC6FCA022914512F0089C004 /* PBXTargetDependency */,
			);
			name = "first-appUITests";
			productName = "first-appUITests";
			productReference = EC6FCA002914512F0089C004 /* first-appUITests.xctest */;
			productType = "com.apple.product-type.bundle.ui-testing";
		};
/* End PBXNativeTarget section */

/* Begin PBXProject section */
		EC6FC9DE2914512E0089C004 /* Project object */ = {
			isa = PBXProject;
			attributes = {
				BuildIndependentTargetsInParallel = 1;
				LastSwiftUpdateCheck = 1410;
				LastUpgradeCheck = 1410;
				TargetAttributes = {
					EC6FC9E52914512E0089C004 = {
						CreatedOnToolsVersion = 14.1;
					};
					EC6FC9F52914512F0089C004 = {
						CreatedOnToolsVersion = 14.1;
						TestTargetID = EC6FC9E52914512E0089C004;
					};
					EC6FC9FF2914512F0089C004 = {
						CreatedOnToolsVersion = 14.1;
						TestTargetID = EC6FC9E52914512E0089C004;
					};
				};
			};
			buildConfigurationList = EC6FC9E12914512E0089C004 /* Build configuration list for PBXProject "first-app" */;
			compatibilityVersion = "Xcode 14.0";
			developmentRegion = en;
			hasScannedForEncodings = 0;
			knownRegions = (
				en,
				Base,
			);
			mainGroup = EC6FC9DD2914512E0089C004;
			packageReferences = (
				EC39D5B1291E4C6700AF2B79 /* XCRemoteSwiftPackageReference "Kingfisher" */,
				EC8F65C029278FE00089E238 /* XCRemoteSwiftPackageReference "Alamofire" */,
				EC8F65C5292794D50089E238 /* XCRemoteSwiftPackageReference "ActivityIndicatorView" */,
				EC8F65D52927A3850089E238 /* XCRemoteSwiftPackageReference "swift-log" */,
			);
			productRefGroup = EC6FC9E72914512E0089C004 /* Products */;
			projectDirPath = "";
			projectRoot = "";
			targets = (
				EC6FC9E52914512E0089C004 /* first-app */,
				EC6FC9F52914512F0089C004 /* first-appTests */,
				EC6FC9FF2914512F0089C004 /* first-appUITests */,
			);
		};
/* End PBXProject section */

/* Begin PBXResourcesBuildPhase section */
		EC6FC9E42914512E0089C004 /* Resources */ = {
			isa = PBXResourcesBuildPhase;
			buildActionMask = 2147483647;
			files = (
				EC6FC9F12914512F0089C004 /* Preview Assets.xcassets in Resources */,
				EC6FC9EE2914512F0089C004 /* Assets.xcassets in Resources */,
			);
			runOnlyForDeploymentPostprocessing = 0;
		};
		EC6FC9F42914512F0089C004 /* Resources */ = {
			isa = PBXResourcesBuildPhase;
			buildActionMask = 2147483647;
			files = (
			);
			runOnlyForDeploymentPostprocessing = 0;
		};
		EC6FC9FE2914512F0089C004 /* Resources */ = {
			isa = PBXResourcesBuildPhase;
			buildActionMask = 2147483647;
			files = (
			);
			runOnlyForDeploymentPostprocessing = 0;
		};
/* End PBXResourcesBuildPhase section */

/* Begin PBXSourcesBuildPhase section */
		EC6FC9E22914512E0089C004 /* Sources */ = {
			isa = PBXSourcesBuildPhase;
			buildActionMask = 2147483647;
			files = (
				EC1A7E4D2927C8BA00DEBE24 /* MarketHomeView.swift in Sources */,
				EC39D5CC291E9D8A00AF2B79 /* UserViewDetail.swift in Sources */,
				EC0A87B22928B7C300F1511B /* Navigation+View.swift in Sources */,
				EC39D5BC291E55E600AF2B79 /* SampleListView.swift in Sources */,
				ECFA9E792928C4AA00403E32 /* NumberCaseWrapper.swift in Sources */,
				EC6FC9EC2914512E0089C004 /* ContentView.swift in Sources */,
				EC8F65D42927A3110089E238 /* Logging+AFError.swift in Sources */,
				EC39D5C8291E94E400AF2B79 /* NavigationUsers.swift in Sources */,
				EC1A7E532927CA4A00DEBE24 /* MarketViewModel.swift in Sources */,
				EC0A87B92928C23600F1511B /* UpperCaseWrapper.swift in Sources */,
				EC8F65CE2927A06D0089E238 /* User.swift in Sources */,
				EC8F65BF29278F430089E238 /* RandomFoxService.swift in Sources */,
				EC8F65DB2927A8670089E238 /* UserView.swift in Sources */,
				EC8F65D02927A1350089E238 /* UserService.swift in Sources */,
				EC39D5C5291E718100AF2B79 /* TweetCard.swift in Sources */,
				EC8F65C42927926D0089E238 /* RandomFoxViewModel.swift in Sources */,
				EC39D5B9291E516500AF2B79 /* CircleTextImageView.swift in Sources */,
				EC39D5C3291E688500AF2B79 /* TweetModel.swift in Sources */,
				EC1A7E512927C8FC00DEBE24 /* MarketItem.swift in Sources */,
				EC8F65BB29278CC30089E238 /* RandomFoxView.swift in Sources */,
				EC0A87B72928C1C600F1511B /* UserWrapperModel.swift in Sources */,
				EC8F65D92927A76C0089E238 /* UserViewModel.swift in Sources */,
				EC8F65BD29278EA30089E238 /* RandomFoxModel.swift in Sources */,
				EC684BE42927CFD200E48DEE /* MarketDetailView.swift in Sources */,
				EC39D5CF291ECAC000AF2B79 /* CustomTabView.swift in Sources */,
				EC684BE72927CFF200E48DEE /* MarketDetailViewModel.swift in Sources */,
				EC6FC9EA2914512E0089C004 /* first_appApp.swift in Sources */,
				EC39D5CA291E951700AF2B79 /* NavigationUserModel.swift in Sources */,
				EC39D5BF291E682800AF2B79 /* ModelListView.swift in Sources */,
				EC0A87B52928C15E00F1511B /* PropertyWrapperView.swift in Sources */,
			);
			runOnlyForDeploymentPostprocessing = 0;
		};
		EC6FC9F22914512F0089C004 /* Sources */ = {
			isa = PBXSourcesBuildPhase;
			buildActionMask = 2147483647;
			files = (
				EC6FC9FB2914512F0089C004 /* first_appTests.swift in Sources */,
			);
			runOnlyForDeploymentPostprocessing = 0;
		};
		EC6FC9FC2914512F0089C004 /* Sources */ = {
			isa = PBXSourcesBuildPhase;
			buildActionMask = 2147483647;
			files = (
				EC6FCA052914512F0089C004 /* first_appUITests.swift in Sources */,
				EC6FCA072914512F0089C004 /* first_appUITestsLaunchTests.swift in Sources */,
			);
			runOnlyForDeploymentPostprocessing = 0;
		};
/* End PBXSourcesBuildPhase section */

/* Begin PBXTargetDependency section */
		EC6FC9F82914512F0089C004 /* PBXTargetDependency */ = {
			isa = PBXTargetDependency;
			target = EC6FC9E52914512E0089C004 /* first-app */;
			targetProxy = EC6FC9F72914512F0089C004 /* PBXContainerItemProxy */;
		};
		EC6FCA022914512F0089C004 /* PBXTargetDependency */ = {
			isa = PBXTargetDependency;
			target = EC6FC9E52914512E0089C004 /* first-app */;
			targetProxy = EC6FCA012914512F0089C004 /* PBXContainerItemProxy */;
		};
/* End PBXTargetDependency section */

/* Begin XCBuildConfiguration section */
		EC6FCA082914512F0089C004 /* Debug */ = {
			isa = XCBuildConfiguration;
			buildSettings = {
				ALWAYS_SEARCH_USER_PATHS = NO;
				CLANG_ANALYZER_NONNULL = YES;
				CLANG_ANALYZER_NUMBER_OBJECT_CONVERSION = YES_AGGRESSIVE;
				CLANG_CXX_LANGUAGE_STANDARD = "gnu++20";
				CLANG_ENABLE_MODULES = YES;
				CLANG_ENABLE_OBJC_ARC = YES;
				CLANG_ENABLE_OBJC_WEAK = YES;
				CLANG_WARN_BLOCK_CAPTURE_AUTORELEASING = YES;
				CLANG_WARN_BOOL_CONVERSION = YES;
				CLANG_WARN_COMMA = YES;
				CLANG_WARN_CONSTANT_CONVERSION = YES;
				CLANG_WARN_DEPRECATED_OBJC_IMPLEMENTATIONS = YES;
				CLANG_WARN_DIRECT_OBJC_ISA_USAGE = YES_ERROR;
				CLANG_WARN_DOCUMENTATION_COMMENTS = YES;
				CLANG_WARN_EMPTY_BODY = YES;
				CLANG_WARN_ENUM_CONVERSION = YES;
				CLANG_WARN_INFINITE_RECURSION = YES;
				CLANG_WARN_INT_CONVERSION = YES;
				CLANG_WARN_NON_LITERAL_NULL_CONVERSION = YES;
				CLANG_WARN_OBJC_IMPLICIT_RETAIN_SELF = YES;
				CLANG_WARN_OBJC_LITERAL_CONVERSION = YES;
				CLANG_WARN_OBJC_ROOT_CLASS = YES_ERROR;
				CLANG_WARN_QUOTED_INCLUDE_IN_FRAMEWORK_HEADER = YES;
				CLANG_WARN_RANGE_LOOP_ANALYSIS = YES;
				CLANG_WARN_STRICT_PROTOTYPES = YES;
				CLANG_WARN_SUSPICIOUS_MOVE = YES;
				CLANG_WARN_UNGUARDED_AVAILABILITY = YES_AGGRESSIVE;
				CLANG_WARN_UNREACHABLE_CODE = YES;
				CLANG_WARN__DUPLICATE_METHOD_MATCH = YES;
				COPY_PHASE_STRIP = NO;
				DEBUG_INFORMATION_FORMAT = dwarf;
				ENABLE_STRICT_OBJC_MSGSEND = YES;
				ENABLE_TESTABILITY = YES;
				GCC_C_LANGUAGE_STANDARD = gnu11;
				GCC_DYNAMIC_NO_PIC = NO;
				GCC_NO_COMMON_BLOCKS = YES;
				GCC_OPTIMIZATION_LEVEL = 0;
				GCC_PREPROCESSOR_DEFINITIONS = (
					"DEBUG=1",
					"$(inherited)",
				);
				GCC_WARN_64_TO_32_BIT_CONVERSION = YES;
				GCC_WARN_ABOUT_RETURN_TYPE = YES_ERROR;
				GCC_WARN_UNDECLARED_SELECTOR = YES;
				GCC_WARN_UNINITIALIZED_AUTOS = YES_AGGRESSIVE;
				GCC_WARN_UNUSED_FUNCTION = YES;
				GCC_WARN_UNUSED_VARIABLE = YES;
				IPHONEOS_DEPLOYMENT_TARGET = 16.1;
				MTL_ENABLE_DEBUG_INFO = INCLUDE_SOURCE;
				MTL_FAST_MATH = YES;
				ONLY_ACTIVE_ARCH = YES;
				SDKROOT = iphoneos;
				SWIFT_ACTIVE_COMPILATION_CONDITIONS = DEBUG;
				SWIFT_OPTIMIZATION_LEVEL = "-Onone";
			};
			name = Debug;
		};
		EC6FCA092914512F0089C004 /* Release */ = {
			isa = XCBuildConfiguration;
			buildSettings = {
				ALWAYS_SEARCH_USER_PATHS = NO;
				CLANG_ANALYZER_NONNULL = YES;
				CLANG_ANALYZER_NUMBER_OBJECT_CONVERSION = YES_AGGRESSIVE;
				CLANG_CXX_LANGUAGE_STANDARD = "gnu++20";
				CLANG_ENABLE_MODULES = YES;
				CLANG_ENABLE_OBJC_ARC = YES;
				CLANG_ENABLE_OBJC_WEAK = YES;
				CLANG_WARN_BLOCK_CAPTURE_AUTORELEASING = YES;
				CLANG_WARN_BOOL_CONVERSION = YES;
				CLANG_WARN_COMMA = YES;
				CLANG_WARN_CONSTANT_CONVERSION = YES;
				CLANG_WARN_DEPRECATED_OBJC_IMPLEMENTATIONS = YES;
				CLANG_WARN_DIRECT_OBJC_ISA_USAGE = YES_ERROR;
				CLANG_WARN_DOCUMENTATION_COMMENTS = YES;
				CLANG_WARN_EMPTY_BODY = YES;
				CLANG_WARN_ENUM_CONVERSION = YES;
				CLANG_WARN_INFINITE_RECURSION = YES;
				CLANG_WARN_INT_CONVERSION = YES;
				CLANG_WARN_NON_LITERAL_NULL_CONVERSION = YES;
				CLANG_WARN_OBJC_IMPLICIT_RETAIN_SELF = YES;
				CLANG_WARN_OBJC_LITERAL_CONVERSION = YES;
				CLANG_WARN_OBJC_ROOT_CLASS = YES_ERROR;
				CLANG_WARN_QUOTED_INCLUDE_IN_FRAMEWORK_HEADER = YES;
				CLANG_WARN_RANGE_LOOP_ANALYSIS = YES;
				CLANG_WARN_STRICT_PROTOTYPES = YES;
				CLANG_WARN_SUSPICIOUS_MOVE = YES;
				CLANG_WARN_UNGUARDED_AVAILABILITY = YES_AGGRESSIVE;
				CLANG_WARN_UNREACHABLE_CODE = YES;
				CLANG_WARN__DUPLICATE_METHOD_MATCH = YES;
				COPY_PHASE_STRIP = NO;
				DEBUG_INFORMATION_FORMAT = "dwarf-with-dsym";
				ENABLE_NS_ASSERTIONS = NO;
				ENABLE_STRICT_OBJC_MSGSEND = YES;
				GCC_C_LANGUAGE_STANDARD = gnu11;
				GCC_NO_COMMON_BLOCKS = YES;
				GCC_WARN_64_TO_32_BIT_CONVERSION = YES;
				GCC_WARN_ABOUT_RETURN_TYPE = YES_ERROR;
				GCC_WARN_UNDECLARED_SELECTOR = YES;
				GCC_WARN_UNINITIALIZED_AUTOS = YES_AGGRESSIVE;
				GCC_WARN_UNUSED_FUNCTION = YES;
				GCC_WARN_UNUSED_VARIABLE = YES;
				IPHONEOS_DEPLOYMENT_TARGET = 16.1;
				MTL_ENABLE_DEBUG_INFO = NO;
				MTL_FAST_MATH = YES;
				SDKROOT = iphoneos;
				SWIFT_COMPILATION_MODE = wholemodule;
				SWIFT_OPTIMIZATION_LEVEL = "-O";
				VALIDATE_PRODUCT = YES;
			};
			name = Release;
		};
		EC6FCA0B2914512F0089C004 /* Debug */ = {
			isa = XCBuildConfiguration;
			buildSettings = {
				ASSETCATALOG_COMPILER_APPICON_NAME = AppIcon;
				ASSETCATALOG_COMPILER_GLOBAL_ACCENT_COLOR_NAME = AccentColor;
				CODE_SIGN_STYLE = Automatic;
				CURRENT_PROJECT_VERSION = 1;
				DEVELOPMENT_ASSET_PATHS = "\"first-app/Preview Content\"";
				ENABLE_PREVIEWS = YES;
				GENERATE_INFOPLIST_FILE = YES;
				INFOPLIST_KEY_UIApplicationSceneManifest_Generation = YES;
				INFOPLIST_KEY_UIApplicationSupportsIndirectInputEvents = YES;
				INFOPLIST_KEY_UILaunchScreen_Generation = YES;
				INFOPLIST_KEY_UISupportedInterfaceOrientations_iPad = "UIInterfaceOrientationPortrait UIInterfaceOrientationPortraitUpsideDown UIInterfaceOrientationLandscapeLeft UIInterfaceOrientationLandscapeRight";
				INFOPLIST_KEY_UISupportedInterfaceOrientations_iPhone = "UIInterfaceOrientationPortrait UIInterfaceOrientationLandscapeLeft UIInterfaceOrientationLandscapeRight";
				LD_RUNPATH_SEARCH_PATHS = (
					"$(inherited)",
					"@executable_path/Frameworks",
				);
				MARKETING_VERSION = 1.0;
				PRODUCT_BUNDLE_IDENTIFIER = "test-app.first-app";
				PRODUCT_NAME = "$(TARGET_NAME)";
				SWIFT_EMIT_LOC_STRINGS = YES;
				SWIFT_VERSION = 5.0;
				TARGETED_DEVICE_FAMILY = "1,2";
			};
			name = Debug;
		};
		EC6FCA0C2914512F0089C004 /* Release */ = {
			isa = XCBuildConfiguration;
			buildSettings = {
				ASSETCATALOG_COMPILER_APPICON_NAME = AppIcon;
				ASSETCATALOG_COMPILER_GLOBAL_ACCENT_COLOR_NAME = AccentColor;
				CODE_SIGN_STYLE = Automatic;
				CURRENT_PROJECT_VERSION = 1;
				DEVELOPMENT_ASSET_PATHS = "\"first-app/Preview Content\"";
				ENABLE_PREVIEWS = YES;
				GENERATE_INFOPLIST_FILE = YES;
				INFOPLIST_KEY_UIApplicationSceneManifest_Generation = YES;
				INFOPLIST_KEY_UIApplicationSupportsIndirectInputEvents = YES;
				INFOPLIST_KEY_UILaunchScreen_Generation = YES;
				INFOPLIST_KEY_UISupportedInterfaceOrientations_iPad = "UIInterfaceOrientationPortrait UIInterfaceOrientationPortraitUpsideDown UIInterfaceOrientationLandscapeLeft UIInterfaceOrientationLandscapeRight";
				INFOPLIST_KEY_UISupportedInterfaceOrientations_iPhone = "UIInterfaceOrientationPortrait UIInterfaceOrientationLandscapeLeft UIInterfaceOrientationLandscapeRight";
				LD_RUNPATH_SEARCH_PATHS = (
					"$(inherited)",
					"@executable_path/Frameworks",
				);
				MARKETING_VERSION = 1.0;
				PRODUCT_BUNDLE_IDENTIFIER = "test-app.first-app";
				PRODUCT_NAME = "$(TARGET_NAME)";
				SWIFT_EMIT_LOC_STRINGS = YES;
				SWIFT_VERSION = 5.0;
				TARGETED_DEVICE_FAMILY = "1,2";
			};
			name = Release;
		};
		EC6FCA0E2914512F0089C004 /* Debug */ = {
			isa = XCBuildConfiguration;
			buildSettings = {
				ALWAYS_EMBED_SWIFT_STANDARD_LIBRARIES = YES;
				BUNDLE_LOADER = "$(TEST_HOST)";
				CODE_SIGN_STYLE = Automatic;
				CURRENT_PROJECT_VERSION = 1;
				GENERATE_INFOPLIST_FILE = YES;
				IPHONEOS_DEPLOYMENT_TARGET = 16.1;
				MARKETING_VERSION = 1.0;
				PRODUCT_BUNDLE_IDENTIFIER = "test-app.first-appTests";
				PRODUCT_NAME = "$(TARGET_NAME)";
				SWIFT_EMIT_LOC_STRINGS = NO;
				SWIFT_VERSION = 5.0;
				TARGETED_DEVICE_FAMILY = "1,2";
				TEST_HOST = "$(BUILT_PRODUCTS_DIR)/first-app.app/$(BUNDLE_EXECUTABLE_FOLDER_PATH)/first-app";
			};
			name = Debug;
		};
		EC6FCA0F2914512F0089C004 /* Release */ = {
			isa = XCBuildConfiguration;
			buildSettings = {
				ALWAYS_EMBED_SWIFT_STANDARD_LIBRARIES = YES;
				BUNDLE_LOADER = "$(TEST_HOST)";
				CODE_SIGN_STYLE = Automatic;
				CURRENT_PROJECT_VERSION = 1;
				GENERATE_INFOPLIST_FILE = YES;
				IPHONEOS_DEPLOYMENT_TARGET = 16.1;
				MARKETING_VERSION = 1.0;
				PRODUCT_BUNDLE_IDENTIFIER = "test-app.first-appTests";
				PRODUCT_NAME = "$(TARGET_NAME)";
				SWIFT_EMIT_LOC_STRINGS = NO;
				SWIFT_VERSION = 5.0;
				TARGETED_DEVICE_FAMILY = "1,2";
				TEST_HOST = "$(BUILT_PRODUCTS_DIR)/first-app.app/$(BUNDLE_EXECUTABLE_FOLDER_PATH)/first-app";
			};
			name = Release;
		};
		EC6FCA112914512F0089C004 /* Debug */ = {
			isa = XCBuildConfiguration;
			buildSettings = {
				ALWAYS_EMBED_SWIFT_STANDARD_LIBRARIES = YES;
				CODE_SIGN_STYLE = Automatic;
				CURRENT_PROJECT_VERSION = 1;
				GENERATE_INFOPLIST_FILE = YES;
				MARKETING_VERSION = 1.0;
				PRODUCT_BUNDLE_IDENTIFIER = "test-app.first-appUITests";
				PRODUCT_NAME = "$(TARGET_NAME)";
				SWIFT_EMIT_LOC_STRINGS = NO;
				SWIFT_VERSION = 5.0;
				TARGETED_DEVICE_FAMILY = "1,2";
				TEST_TARGET_NAME = "first-app";
			};
			name = Debug;
		};
		EC6FCA122914512F0089C004 /* Release */ = {
			isa = XCBuildConfiguration;
			buildSettings = {
				ALWAYS_EMBED_SWIFT_STANDARD_LIBRARIES = YES;
				CODE_SIGN_STYLE = Automatic;
				CURRENT_PROJECT_VERSION = 1;
				GENERATE_INFOPLIST_FILE = YES;
				MARKETING_VERSION = 1.0;
				PRODUCT_BUNDLE_IDENTIFIER = "test-app.first-appUITests";
				PRODUCT_NAME = "$(TARGET_NAME)";
				SWIFT_EMIT_LOC_STRINGS = NO;
				SWIFT_VERSION = 5.0;
				TARGETED_DEVICE_FAMILY = "1,2";
				TEST_TARGET_NAME = "first-app";
			};
			name = Release;
		};
/* End XCBuildConfiguration section */

/* Begin XCConfigurationList section */
		EC6FC9E12914512E0089C004 /* Build configuration list for PBXProject "first-app" */ = {
			isa = XCConfigurationList;
			buildConfigurations = (
				EC6FCA082914512F0089C004 /* Debug */,
				EC6FCA092914512F0089C004 /* Release */,
			);
			defaultConfigurationIsVisible = 0;
			defaultConfigurationName = Release;
		};
		EC6FCA0A2914512F0089C004 /* Build configuration list for PBXNativeTarget "first-app" */ = {
			isa = XCConfigurationList;
			buildConfigurations = (
				EC6FCA0B2914512F0089C004 /* Debug */,
				EC6FCA0C2914512F0089C004 /* Release */,
			);
			defaultConfigurationIsVisible = 0;
			defaultConfigurationName = Release;
		};
		EC6FCA0D2914512F0089C004 /* Build configuration list for PBXNativeTarget "first-appTests" */ = {
			isa = XCConfigurationList;
			buildConfigurations = (
				EC6FCA0E2914512F0089C004 /* Debug */,
				EC6FCA0F2914512F0089C004 /* Release */,
			);
			defaultConfigurationIsVisible = 0;
			defaultConfigurationName = Release;
		};
		EC6FCA102914512F0089C004 /* Build configuration list for PBXNativeTarget "first-appUITests" */ = {
			isa = XCConfigurationList;
			buildConfigurations = (
				EC6FCA112914512F0089C004 /* Debug */,
				EC6FCA122914512F0089C004 /* Release */,
			);
			defaultConfigurationIsVisible = 0;
			defaultConfigurationName = Release;
		};
/* End XCConfigurationList section */

/* Begin XCRemoteSwiftPackageReference section */
		EC39D5B1291E4C6700AF2B79 /* XCRemoteSwiftPackageReference "Kingfisher" */ = {
			isa = XCRemoteSwiftPackageReference;
			repositoryURL = "https://github.com/onevcat/Kingfisher.git";
			requirement = {
				kind = upToNextMajorVersion;
				minimumVersion = 7.0.0;
			};
		};
		EC8F65C029278FE00089E238 /* XCRemoteSwiftPackageReference "Alamofire" */ = {
			isa = XCRemoteSwiftPackageReference;
			repositoryURL = "https://github.com/Alamofire/Alamofire.git";
			requirement = {
				kind = upToNextMajorVersion;
				minimumVersion = 5.0.0;
			};
		};
		EC8F65C5292794D50089E238 /* XCRemoteSwiftPackageReference "ActivityIndicatorView" */ = {
			isa = XCRemoteSwiftPackageReference;
			repositoryURL = "https://github.com/exyte/ActivityIndicatorView.git";
			requirement = {
				kind = upToNextMajorVersion;
				minimumVersion = 1.0.0;
			};
		};
		EC8F65D52927A3850089E238 /* XCRemoteSwiftPackageReference "swift-log" */ = {
			isa = XCRemoteSwiftPackageReference;
			repositoryURL = "https://github.com/apple/swift-log.git";
			requirement = {
				kind = upToNextMajorVersion;
				minimumVersion = 1.0.0;
			};
		};
/* End XCRemoteSwiftPackageReference section */

/* Begin XCSwiftPackageProductDependency section */
		EC39D5B2291E4C6700AF2B79 /* Kingfisher */ = {
			isa = XCSwiftPackageProductDependency;
			package = EC39D5B1291E4C6700AF2B79 /* XCRemoteSwiftPackageReference "Kingfisher" */;
			productName = Kingfisher;
		};
		EC8F65C129278FE00089E238 /* Alamofire */ = {
			isa = XCSwiftPackageProductDependency;
			package = EC8F65C029278FE00089E238 /* XCRemoteSwiftPackageReference "Alamofire" */;
			productName = Alamofire;
		};
		EC8F65C6292794D50089E238 /* ActivityIndicatorView */ = {
			isa = XCSwiftPackageProductDependency;
			package = EC8F65C5292794D50089E238 /* XCRemoteSwiftPackageReference "ActivityIndicatorView" */;
			productName = ActivityIndicatorView;
		};
		EC8F65D62927A3850089E238 /* Logging */ = {
			isa = XCSwiftPackageProductDependency;
			package = EC8F65D52927A3850089E238 /* XCRemoteSwiftPackageReference "swift-log" */;
			productName = Logging;
		};
/* End XCSwiftPackageProductDependency section */
	};
	rootObject = EC6FC9DE2914512E0089C004 /* Project object */;
}
